
Microsoft Visual Studio Solution File, Format Version 12.00
# Visual Studio Version 17
VisualStudioVersion = 17.3.32901.215
MinimumVisualStudioVersion = 10.0.40219.1
Project("{FAE04EC0-301F-11D3-BF4B-00C04F79EFBC}") = "Lab1Task4", "Lab1Task4.csproj", "{B2453558-975E-483F-BA4F-002093466B56}"
EndProject
Global
	GlobalSection(SolutionConfigurationPlatforms) = preSolution
		Debug|Any CPU = Debug|Any CPU
		Release|Any CPU = Release|Any CPU
	EndGlobalSection
	GlobalSection(ProjectConfigurationPlatforms) = postSolution
		{B2453558-975E-483F-BA4F-002093466B56}.Debug|Any CPU.ActiveCfg = Debug|Any CPU
		{B2453558-975E-483F-BA4F-002093466B56}.Debug|Any CPU.Build.0 = Debug|Any CPU
		{B2453558-975E-483F-BA4F-002093466B56}.Release|Any CPU.ActiveCfg = Release|Any CPU
		{B2453558-975E-483F-BA4F-002093466B56}.Release|Any CPU.Build.0 = Release|Any CPU
	EndGlobalSection
	GlobalSection(SolutionProperties) = preSolution
		HideSolutionNode = FALSE
	EndGlobalSection
	GlobalSection(ExtensibilityGlobals) = postSolution
		SolutionGuid = {4C0173B4-3A43-4065-A306-F077C9E4FE7B}
	EndGlobalSection
EndGlobal
